
Microsoft Visual Studio Solution File, Format Version 12.00
# Visual Studio Version 16
VisualStudioVersion = 16.0.32413.511
MinimumVisualStudioVersion = 10.0.40219.1
Project("{FAE04EC0-301F-11D3-BF4B-00C04F79EFBC}") = "Primer metodo", "Primer metodo\Primer metodo.csproj", "{A2C2664E-A7C2-4100-B4B6-E57EBC177B5A}"
EndProject
Global
	GlobalSection(SolutionConfigurationPlatforms) = preSolution
		Debug|Any CPU = Debug|Any CPU
		Release|Any CPU = Release|Any CPU
	EndGlobalSection
	GlobalSection(ProjectConfigurationPlatforms) = postSolution
		{A2C2664E-A7C2-4100-B4B6-E57EBC177B5A}.Debug|Any CPU.ActiveCfg = Debug|Any CPU
		{A2C2664E-A7C2-4100-B4B6-E57EBC177B5A}.Debug|Any CPU.Build.0 = Debug|Any CPU
		{A2C2664E-A7C2-4100-B4B6-E57EBC177B5A}.Release|Any CPU.ActiveCfg = Release|Any CPU
		{A2C2664E-A7C2-4100-B4B6-E57EBC177B5A}.Release|Any CPU.Build.0 = Release|Any CPU
	EndGlobalSection
	GlobalSection(SolutionProperties) = preSolution
		HideSolutionNode = FALSE
	EndGlobalSection
	GlobalSection(ExtensibilityGlobals) = postSolution
		SolutionGuid = {682A827B-4199-41DB-970D-C0ABFD74DCFC}
	EndGlobalSection
EndGlobal
